# This file is automatically @generated by Cargo.
# It is not intended for manual editing.
version = 4

[[package]]
name = "pii-eval-adapters"
version = "0.0.0"
dependencies = [
 "pii-eval-contracts",
]

[[package]]
name = "pii-eval-cli"
version = "0.0.0"
dependencies = [
 "pii-eval-adapters",
 "pii-eval-compat",
 "pii-eval-contracts",
 "pii-eval-kernel",
]

[[package]]
name = "pii-eval-compat"
version = "0.0.0"
dependencies = [
 "pii-eval-contracts",
]

[[package]]
name = "pii-eval-contracts"
version = "0.0.0"

[[package]]
name = "pii-eval-kernel"
version = "0.0.0"
dependencies = [
 "pii-eval-contracts",
]
